
Microsoft Visual Studio Solution File, Format Version 12.00
# Visual Studio 14
VisualStudioVersion = 14.0.23107.0
MinimumVisualStudioVersion = 10.0.40219.1
Project("{FAE04EC0-301F-11D3-BF4B-00C04F79EFBC}") = "ngLabels", "ngLabels\ngLabels.csproj", "{4D3402CE-6710-4FF8-BE18-99952870D8C7}"
EndProject
Global
	GlobalSection(SolutionConfigurationPlatforms) = preSolution
		Debug|Any CPU = Debug|Any CPU
		Release|Any CPU = Release|Any CPU
	EndGlobalSection
	GlobalSection(ProjectConfigurationPlatforms) = postSolution
		{4D3402CE-6710-4FF8-BE18-99952870D8C7}.Debug|Any CPU.ActiveCfg = Debug|Any CPU
		{4D3402CE-6710-4FF8-BE18-99952870D8C7}.Debug|Any CPU.Build.0 = Debug|Any CPU
		{4D3402CE-6710-4FF8-BE18-99952870D8C7}.Release|Any CPU.ActiveCfg = Release|Any CPU
		{4D3402CE-6710-4FF8-BE18-99952870D8C7}.Release|Any CPU.Build.0 = Release|Any CPU
	EndGlobalSection
	GlobalSection(SolutionProperties) = preSolution
		HideSolutionNode = FALSE
	EndGlobalSection
EndGlobal
